// !$*UTF8*$!
{
	archiveVersion = 1;
	classes = {
	};
	objectVersion = 50;
	objects = {

/* Begin PBXBuildFile section */
		13045C2A229C806F006E1D4A /* Shaders.cpp in Sources */ = {isa = PBXBuildFile; fileRef = 13045C27229C806F006E1D4A /* Shaders.cpp */; };
		13045C2B229C806F006E1D4A /* Vertex.cpp in Sources */ = {isa = PBXBuildFile; fileRef = 13045C28229C806F006E1D4A /* Vertex.cpp */; };
		13045C2C229C806F006E1D4A /* Buffer.cpp in Sources */ = {isa = PBXBuildFile; fileRef = 13045C29229C806F006E1D4A /* Buffer.cpp */; };
		1383E2DE228A05CC00596575 /* main.cpp in Sources */ = {isa = PBXBuildFile; fileRef = 1383E2DD228A05CC00596575 /* main.cpp */; };
		1383E2E7228A063C00596575 /* libGLEW.2.1.0.dylib in Frameworks */ = {isa = PBXBuildFile; fileRef = 1383E2E5228A063C00596575 /* libGLEW.2.1.0.dylib */; };
		1383E2E8228A063C00596575 /* libglfw.3.2.dylib in Frameworks */ = {isa = PBXBuildFile; fileRef = 1383E2E6228A063C00596575 /* libglfw.3.2.dylib */; };
		1383E2EA228A064A00596575 /* OpenGL.framework in Frameworks */ = {isa = PBXBuildFile; fileRef = 1383E2E9228A064A00596575 /* OpenGL.framework */; };
		1383E2ED228A09BA00596575 /* Resource in CopyFiles */ = {isa = PBXBuildFile; fileRef = 1383E2EB228A099C00596575 /* Resource */; };
/* End PBXBuildFile section */

/* Begin PBXCopyFilesBuildPhase section */
		1383E2D8228A05CC00596575 /* CopyFiles */ = {
			isa = PBXCopyFilesBuildPhase;
			buildActionMask = 2147483647;
			dstPath = /usr/share/man/man1/;
			dstSubfolderSpec = 0;
			files = (
			);
			runOnlyForDeploymentPostprocessing = 1;
		};
		1383E2EC228A09B200596575 /* CopyFiles */ = {
			isa = PBXCopyFilesBuildPhase;
			buildActionMask = 2147483647;
			dstPath = "";
			dstSubfolderSpec = 7;
			files = (
				1383E2ED228A09BA00596575 /* Resource in CopyFiles */,
			);
			runOnlyForDeploymentPostprocessing = 0;
		};
/* End PBXCopyFilesBuildPhase section */

/* Begin PBXFileReference section */
		13045C24229C806F006E1D4A /* Shaders.h */ = {isa = PBXFileReference; fileEncoding = 4; lastKnownFileType = sourcecode.c.h; path = Shaders.h; sourceTree = "<group>"; };
		13045C25229C806F006E1D4A /* Vertex.h */ = {isa = PBXFileReference; fileEncoding = 4; lastKnownFileType = sourcecode.c.h; path = Vertex.h; sourceTree = "<group>"; };
		13045C26229C806F006E1D4A /* Buffer.h */ = {isa = PBXFileReference; fileEncoding = 4; lastKnownFileType = sourcecode.c.h; path = Buffer.h; sourceTree = "<group>"; };
		13045C27229C806F006E1D4A /* Shaders.cpp */ = {isa = PBXFileReference; fileEncoding = 4; lastKnownFileType = sourcecode.cpp.cpp; path = Shaders.cpp; sourceTree = "<group>"; };
		13045C28229C806F006E1D4A /* Vertex.cpp */ = {isa = PBXFileReference; fileEncoding = 4; lastKnownFileType = sourcecode.cpp.cpp; path = Vertex.cpp; sourceTree = "<group>"; };
		13045C29229C806F006E1D4A /* Buffer.cpp */ = {isa = PBXFileReference; fileEncoding = 4; lastKnownFileType = sourcecode.cpp.cpp; path = Buffer.cpp; sourceTree = "<group>"; };
		1383E2DA228A05CC00596575 /* 3DProgrammingTemplate */ = {isa = PBXFileReference; explicitFileType = "compiled.mach-o.executable"; includeInIndex = 0; path = 3DProgrammingTemplate; sourceTree = BUILT_PRODUCTS_DIR; };
		1383E2DD228A05CC00596575 /* main.cpp */ = {isa = PBXFileReference; lastKnownFileType = sourcecode.cpp.cpp; path = main.cpp; sourceTree = "<group>"; };
		1383E2E5228A063C00596575 /* libGLEW.2.1.0.dylib */ = {isa = PBXFileReference; lastKnownFileType = "compiled.mach-o.dylib"; name = libGLEW.2.1.0.dylib; path = 3DProgrammingTemplate/Lib/Mac/libGLEW.2.1.0.dylib; sourceTree = "<group>"; };
		1383E2E6228A063C00596575 /* libglfw.3.2.dylib */ = {isa = PBXFileReference; lastKnownFileType = "compiled.mach-o.dylib"; name = libglfw.3.2.dylib; path = 3DProgrammingTemplate/Lib/Mac/libglfw.3.2.dylib; sourceTree = "<group>"; };
		1383E2E9228A064A00596575 /* OpenGL.framework */ = {isa = PBXFileReference; lastKnownFileType = wrapper.framework; name = OpenGL.framework; path = System/Library/Frameworks/OpenGL.framework; sourceTree = SDKROOT; };
		1383E2EB228A099C00596575 /* Resource */ = {isa = PBXFileReference; lastKnownFileType = folder; path = Resource; sourceTree = "<group>"; };
/* End PBXFileReference section */

/* Begin PBXFrameworksBuildPhase section */
		1383E2D7228A05CC00596575 /* Frameworks */ = {
			isa = PBXFrameworksBuildPhase;
			buildActionMask = 2147483647;
			files = (
				1383E2E8228A063C00596575 /* libglfw.3.2.dylib in Frameworks */,
				1383E2EA228A064A00596575 /* OpenGL.framework in Frameworks */,
				1383E2E7228A063C00596575 /* libGLEW.2.1.0.dylib in Frameworks */,
			);
			runOnlyForDeploymentPostprocessing = 0;
		};
/* End PBXFrameworksBuildPhase section */

/* Begin PBXGroup section */
		1383E2D1228A05CC00596575 = {
			isa = PBXGroup;
			children = (
				1383E2DC228A05CC00596575 /* 3DProgrammingTemplate */,
				1383E2DB228A05CC00596575 /* Products */,
				1383E2E4228A063C00596575 /* Frameworks */,
			);
			sourceTree = "<group>";
		};
		1383E2DB228A05CC00596575 /* Products */ = {
			isa = PBXGroup;
			children = (
				1383E2DA228A05CC00596575 /* 3DProgrammingTemplate */,
			);
			name = Products;
			sourceTree = "<group>";
		};
		1383E2DC228A05CC00596575 /* 3DProgrammingTemplate */ = {
			isa = PBXGroup;
			children = (
				13045C29229C806F006E1D4A /* Buffer.cpp */,
				13045C26229C806F006E1D4A /* Buffer.h */,
				13045C27229C806F006E1D4A /* Shaders.cpp */,
				13045C24229C806F006E1D4A /* Shaders.h */,
				13045C28229C806F006E1D4A /* Vertex.cpp */,
				13045C25229C806F006E1D4A /* Vertex.h */,
				1383E2DD228A05CC00596575 /* main.cpp */,
				1383E2EB228A099C00596575 /* Resource */,
			);
			path = 3DProgrammingTemplate;
			sourceTree = "<group>";
		};
		1383E2E4228A063C00596575 /* Frameworks */ = {
			isa = PBXGroup;
			children = (
				1383E2E9228A064A00596575 /* OpenGL.framework */,
				1383E2E5228A063C00596575 /* libGLEW.2.1.0.dylib */,
				1383E2E6228A063C00596575 /* libglfw.3.2.dylib */,
			);
			name = Frameworks;
			sourceTree = "<group>";
		};
/* End PBXGroup section */

/* Begin PBXNativeTarget section */
		1383E2D9228A05CC00596575 /* 3DProgrammingTemplate */ = {
			isa = PBXNativeTarget;
			buildConfigurationList = 1383E2E1228A05CC00596575 /* Build configuration list for PBXNativeTarget "3DProgrammingTemplate" */;
			buildPhases = (
				1383E2D6228A05CC00596575 /* Sources */,
				1383E2D7228A05CC00596575 /* Frameworks */,
				1383E2D8228A05CC00596575 /* CopyFiles */,
				1383E2EC228A09B200596575 /* CopyFiles */,
			);
			buildRules = (
			);
			dependencies = (
			);
			name = 3DProgrammingTemplate;
			productName = 3DProgrammingTemplate;
			productReference = 1383E2DA228A05CC00596575 /* 3DProgrammingTemplate */;
			productType = "com.apple.product-type.tool";
		};
/* End PBXNativeTarget section */

/* Begin PBXProject section */
		1383E2D2228A05CC00596575 /* Project object */ = {
			isa = PBXProject;
			attributes = {
				LastUpgradeCheck = 1020;
				ORGANIZATIONNAME = "Ingrid Guerrero";
				TargetAttributes = {
					1383E2D9228A05CC00596575 = {
						CreatedOnToolsVersion = 10.2.1;
					};
				};
			};
			buildConfigurationList = 1383E2D5228A05CC00596575 /* Build configuration list for PBXProject "3DProgrammingTemplate" */;
			compatibilityVersion = "Xcode 9.3";
			developmentRegion = en;
			hasScannedForEncodings = 0;
			knownRegions = (
				en,
			);
			mainGroup = 1383E2D1228A05CC00596575;
			productRefGroup = 1383E2DB228A05CC00596575 /* Products */;
			projectDirPath = "";
			projectRoot = "";
			targets = (
				1383E2D9228A05CC00596575 /* 3DProgrammingTemplate */,
			);
		};
/* End PBXProject section */

/* Begin PBXSourcesBuildPhase section */
		1383E2D6228A05CC00596575 /* Sources */ = {
			isa = PBXSourcesBuildPhase;
			buildActionMask = 2147483647;
			files = (
				13045C2B229C806F006E1D4A /* Vertex.cpp in Sources */,
				13045C2C229C806F006E1D4A /* Buffer.cpp in Sources */,
				13045C2A229C806F006E1D4A /* Shaders.cpp in Sources */,
				1383E2DE228A05CC00596575 /* main.cpp in Sources */,
			);
			runOnlyForDeploymentPostprocessing = 0;
		};
/* End PBXSourcesBuildPhase section */

/* Begin XCBuildConfiguration section */
		1383E2DF228A05CC00596575 /* Debug */ = {
			isa = XCBuildConfiguration;
			buildSettings = {
				ALWAYS_SEARCH_USER_PATHS = NO;
				CLANG_ANALYZER_NONNULL = YES;
				CLANG_ANALYZER_NUMBER_OBJECT_CONVERSION = YES_AGGRESSIVE;
				CLANG_CXX_LANGUAGE_STANDARD = "gnu++14";
				CLANG_CXX_LIBRARY = "libc++";
				CLANG_ENABLE_MODULES = YES;
				CLANG_ENABLE_OBJC_ARC = YES;
				CLANG_ENABLE_OBJC_WEAK = YES;
				CLANG_WARN_BLOCK_CAPTURE_AUTORELEASING = YES;
				CLANG_WARN_BOOL_CONVERSION = YES;
				CLANG_WARN_COMMA = YES;
				CLANG_WARN_CONSTANT_CONVERSION = YES;
				CLANG_WARN_DEPRECATED_OBJC_IMPLEMENTATIONS = YES;
				CLANG_WARN_DIRECT_OBJC_ISA_USAGE = YES_ERROR;
				CLANG_WARN_DOCUMENTATION_COMMENTS = YES;
				CLANG_WARN_EMPTY_BODY = YES;
				CLANG_WARN_ENUM_CONVERSION = YES;
				CLANG_WARN_INFINITE_RECURSION = YES;
				CLANG_WARN_INT_CONVERSION = YES;
				CLANG_WARN_NON_LITERAL_NULL_CONVERSION = YES;
				CLANG_WARN_OBJC_IMPLICIT_RETAIN_SELF = YES;
				CLANG_WARN_OBJC_LITERAL_CONVERSION = YES;
				CLANG_WARN_OBJC_ROOT_CLASS = YES_ERROR;
				CLANG_WARN_RANGE_LOOP_ANALYSIS = YES;
				CLANG_WARN_STRICT_PROTOTYPES = YES;
				CLANG_WARN_SUSPICIOUS_MOVE = YES;
				CLANG_WARN_UNGUARDED_AVAILABILITY = YES_AGGRESSIVE;
				CLANG_WARN_UNREACHABLE_CODE = YES;
				CLANG_WARN__DUPLICATE_METHOD_MATCH = YES;
				CODE_SIGN_IDENTITY = "-";
				COPY_PHASE_STRIP = NO;
				DEBUG_INFORMATION_FORMAT = dwarf;
				ENABLE_STRICT_OBJC_MSGSEND = YES;
				ENABLE_TESTABILITY = YES;
				GCC_C_LANGUAGE_STANDARD = gnu11;
				GCC_DYNAMIC_NO_PIC = NO;
				GCC_NO_COMMON_BLOCKS = YES;
				GCC_OPTIMIZATION_LEVEL = 0;
				GCC_PREPROCESSOR_DEFINITIONS = (
					"DEBUG=1",
					"$(inherited)",
				);
				GCC_WARN_64_TO_32_BIT_CONVERSION = YES;
				GCC_WARN_ABOUT_RETURN_TYPE = YES_ERROR;
				GCC_WARN_UNDECLARED_SELECTOR = YES;
				GCC_WARN_UNINITIALIZED_AUTOS = YES_AGGRESSIVE;
				GCC_WARN_UNUSED_FUNCTION = YES;
				GCC_WARN_UNUSED_VARIABLE = YES;
				MACOSX_DEPLOYMENT_TARGET = 10.14;
				MTL_ENABLE_DEBUG_INFO = INCLUDE_SOURCE;
				MTL_FAST_MATH = YES;
				ONLY_ACTIVE_ARCH = YES;
				SDKROOT = macosx;
			};
			name = Debug;
		};
		1383E2E0228A05CC00596575 /* Release */ = {
			isa = XCBuildConfiguration;
			buildSettings = {
				ALWAYS_SEARCH_USER_PATHS = NO;
				CLANG_ANALYZER_NONNULL = YES;
				CLANG_ANALYZER_NUMBER_OBJECT_CONVERSION = YES_AGGRESSIVE;
				CLANG_CXX_LANGUAGE_STANDARD = "gnu++14";
				CLANG_CXX_LIBRARY = "libc++";
				CLANG_ENABLE_MODULES = YES;
				CLANG_ENABLE_OBJC_ARC = YES;
				CLANG_ENABLE_OBJC_WEAK = YES;
				CLANG_WARN_BLOCK_CAPTURE_AUTORELEASING = YES;
				CLANG_WARN_BOOL_CONVERSION = YES;
				CLANG_WARN_COMMA = YES;
				CLANG_WARN_CONSTANT_CONVERSION = YES;
				CLANG_WARN_DEPRECATED_OBJC_IMPLEMENTATIONS = YES;
				CLANG_WARN_DIRECT_OBJC_ISA_USAGE = YES_ERROR;
				CLANG_WARN_DOCUMENTATION_COMMENTS = YES;
				CLANG_WARN_EMPTY_BODY = YES;
				CLANG_WARN_ENUM_CONVERSION = YES;
				CLANG_WARN_INFINITE_RECURSION = YES;
				CLANG_WARN_INT_CONVERSION = YES;
				CLANG_WARN_NON_LITERAL_NULL_CONVERSION = YES;
				CLANG_WARN_OBJC_IMPLICIT_RETAIN_SELF = YES;
				CLANG_WARN_OBJC_LITERAL_CONVERSION = YES;
				CLANG_WARN_OBJC_ROOT_CLASS = YES_ERROR;
				CLANG_WARN_RANGE_LOOP_ANALYSIS = YES;
				CLANG_WARN_STRICT_PROTOTYPES = YES;
				CLANG_WARN_SUSPICIOUS_MOVE = YES;
				CLANG_WARN_UNGUARDED_AVAILABILITY = YES_AGGRESSIVE;
				CLANG_WARN_UNREACHABLE_CODE = YES;
				CLANG_WARN__DUPLICATE_METHOD_MATCH = YES;
				CODE_SIGN_IDENTITY = "-";
				COPY_PHASE_STRIP = NO;
				DEBUG_INFORMATION_FORMAT = "dwarf-with-dsym";
				ENABLE_NS_ASSERTIONS = NO;
				ENABLE_STRICT_OBJC_MSGSEND = YES;
				GCC_C_LANGUAGE_STANDARD = gnu11;
				GCC_NO_COMMON_BLOCKS = YES;
				GCC_WARN_64_TO_32_BIT_CONVERSION = YES;
				GCC_WARN_ABOUT_RETURN_TYPE = YES_ERROR;
				GCC_WARN_UNDECLARED_SELECTOR = YES;
				GCC_WARN_UNINITIALIZED_AUTOS = YES_AGGRESSIVE;
				GCC_WARN_UNUSED_FUNCTION = YES;
				GCC_WARN_UNUSED_VARIABLE = YES;
				MACOSX_DEPLOYMENT_TARGET = 10.14;
				MTL_ENABLE_DEBUG_INFO = NO;
				MTL_FAST_MATH = YES;
				SDKROOT = macosx;
			};
			name = Release;
		};
		1383E2E2228A05CC00596575 /* Debug */ = {
			isa = XCBuildConfiguration;
			buildSettings = {
				CODE_SIGN_STYLE = Automatic;
				HEADER_SEARCH_PATHS = (
					/usr/local/include,
					"$(PROJECT_DIR)/$(PRODUCT_NAME)/Lib/glm",
				);
				LIBRARY_SEARCH_PATHS = (
					/usr/local/include,
					"$(inherited)",
					"$(PROJECT_DIR)/$(PRODUCT_NAME)/Lib/Mac",
					"$(PROJECT_DIR)/3DProgrammingTemplate/Lib/Mac",
				);
				PRODUCT_NAME = "$(TARGET_NAME)";
			};
			name = Debug;
		};
		1383E2E3228A05CC00596575 /* Release */ = {
			isa = XCBuildConfiguration;
			buildSettings = {
				CODE_SIGN_STYLE = Automatic;
				HEADER_SEARCH_PATHS = (
					/usr/local/include,
					"$(PROJECT_DIR)/$(PRODUCT_NAME)/Lib/glm",
				);
				LIBRARY_SEARCH_PATHS = (
					/usr/local/include,
					"$(inherited)",
					"$(PROJECT_DIR)/$(PRODUCT_NAME)/Lib/Mac",
					"$(PROJECT_DIR)/3DProgrammingTemplate/Lib/Mac",
				);
				PRODUCT_NAME = "$(TARGET_NAME)";
			};
			name = Release;
		};
/* End XCBuildConfiguration section */

/* Begin XCConfigurationList section */
		1383E2D5228A05CC00596575 /* Build configuration list for PBXProject "3DProgrammingTemplate" */ = {
			isa = XCConfigurationList;
			buildConfigurations = (
				1383E2DF228A05CC00596575 /* Debug */,
				1383E2E0228A05CC00596575 /* Release */,
			);
			defaultConfigurationIsVisible = 0;
			defaultConfigurationName = Release;
		};
		1383E2E1228A05CC00596575 /* Build configuration list for PBXNativeTarget "3DProgrammingTemplate" */ = {
			isa = XCConfigurationList;
			buildConfigurations = (
				1383E2E2228A05CC00596575 /* Debug */,
				1383E2E3228A05CC00596575 /* Release */,
			);
			defaultConfigurationIsVisible = 0;
			defaultConfigurationName = Release;
		};
/* End XCConfigurationList section */
	};
	rootObject = 1383E2D2228A05CC00596575 /* Project object */;
}
